# Generated by conda-lock.
# platform: osx-arm64
# input_hash: a4dd12cf70b7fa43d45d84dd0886ae58a2632c05ee08b33ef3396f4893f51da2
@EXPLICIT
https://conda.anaconda.org/conda-forge/osx-arm64/dav1d-1.2.1-hb547adb_0.conda#5a74cdee497e6b65173e10d94582fae6
https://conda.anaconda.org/conda-forge/osx-arm64/giflib-5.2.2-h93a5062_0.conda#95fa1486c77505330c20f7202492b913
https://conda.anaconda.org/conda-forge/osx-arm64/libev-4.33-h93a5062_2.conda#36d33e440c31857372a72137f78bacf5
https://conda.anaconda.org/conda-forge/noarch/python_abi-3.9-8_cp39.conda#c2f0c4bf417925c27b62ab50264baa98
https://conda.anaconda.org/conda-forge/noarch/tzdata-2025b-h78e105d_0.conda#4222072737ccff51314b5ece9c7d6f5a
https://conda.anaconda.org/conda-forge/osx-arm64/bzip2-1.0.8-hd037594_8.conda#58fd217444c2a5701a44244faf518206
https://conda.anaconda.org/conda-forge/osx-arm64/c-ares-1.34.5-h5505292_0.conda#f8cd1beb98240c7edb1a95883360ccfa
https://conda.anaconda.org/conda-forge/noarch/ca-certificates-2025.8.3-hbd8a1cb_0.conda#74784ee3d225fc3dca89edb635b4e5cc
https://conda.anaconda.org/conda-forge/osx-arm64/icu-75.1-hfee45f7_0.conda#5eb22c1d7b3fc4abb50d92d621583137
https://conda.anaconda.org/conda-forge/osx-arm64/json-c-0.18-he4178ee_0.conda#94f14ef6157687c30feb44e1abecd577
https://conda.anaconda.org/conda-forge/osx-arm64/libbrotlicommon-1.1.0-h6caf38d_4.conda#231cffe69d41716afe4525c5c1cc5ddd
https://conda.anaconda.org/conda-forge/osx-arm64/libcxx-21.1.2-hf598326_0.conda#edfa256c5391f789384e470ce5c9f340
https://conda.anaconda.org/conda-forge/osx-arm64/libdeflate-1.23-h5773f1b_0.conda#4dc332b504166d7f89e4b3b18ab5e6ea
https://conda.anaconda.org/conda-forge/osx-arm64/libexpat-2.7.1-hec049ff_0.conda#b1ca5f21335782f71a8bd69bdc093f67
https://conda.anaconda.org/conda-forge/osx-arm64/libffi-3.4.6-h1da3d7d_1.conda#c215a60c2935b517dcda8cad4705734d
https://conda.anaconda.org/conda-forge/osx-arm64/libiconv-1.18-h23cfdf5_2.conda#4d5a7445f0b25b6a3ddbb56e790f5251
https://conda.anaconda.org/conda-forge/osx-arm64/libjpeg-turbo-3.1.0-h5505292_0.conda#01caa4fbcaf0e6b08b3aef1151e91745
https://conda.anaconda.org/conda-forge/osx-arm64/liblzma-5.8.1-h39f12f2_2.conda#d6df911d4564d77c4374b02552cb17d1
https://conda.anaconda.org/conda-forge/osx-arm64/libntlm-1.8-h5505292_0.conda#c90c1d3bd778f5ec0d4bb4ef36cbd5b6
https://conda.anaconda.org/conda-forge/osx-arm64/libogg-1.3.5-h48c0fde_1.conda#29b8b11f6d7e6bd0e76c029dcf9dd024
https://conda.anaconda.org/conda-forge/osx-arm64/libopus-1.5.2-h48c0fde_0.conda#882feb9903f31dca2942796a360d1007
https://conda.anaconda.org/conda-forge/osx-arm64/libwebp-base-1.6.0-h07db88b_0.conda#e5e7d467f80da752be17796b87fe6385
https://conda.anaconda.org/conda-forge/osx-arm64/libzlib-1.3.1-h8359307_2.conda#369964e85dc26bfe78f41399b366c435
https://conda.anaconda.org/conda-forge/osx-arm64/llvm-openmp-21.1.0-hbb9b287_0.conda#e57d95fec6eaa747e583323cba6cfe5c
https://conda.anaconda.org/conda-forge/osx-arm64/lzo-2.10-h925e9cb_1002.conda#e56eaa1beab0e7fed559ae9c0264dd88
https://conda.anaconda.org/conda-forge/osx-arm64/ncurses-6.5-h5e97a16_3.conda#068d497125e4bf8a66bf707254fff5ae
https://conda.anaconda.org/conda-forge/osx-arm64/pthread-stubs-0.4-hd74edd7_1002.conda#415816daf82e0b23a736a069a75e9da7
https://conda.anaconda.org/conda-forge/osx-arm64/rav1e-0.7.1-h0716509_3.conda#7b37f30516100b86ea522350c8cab44c
https://conda.anaconda.org/conda-forge/osx-arm64/xorg-libxau-1.0.12-h5505292_0.conda#50901e0764b7701d8ed7343496f4f301
https://conda.anaconda.org/conda-forge/osx-arm64/xorg-libxdmcp-1.1.5-hd74edd7_0.conda#77c447f48cab5d3a15ac224edb86a968
https://conda.anaconda.org/conda-forge/osx-arm64/yaml-0.2.5-h925e9cb_3.conda#78a0fe9e9c50d2c381e8ee47e3ea437d
https://conda.anaconda.org/conda-forge/osx-arm64/aom-3.9.1-h7bae524_0.conda#7adba36492a1bb22d98ffffe4f6fc6de
https://conda.anaconda.org/conda-forge/osx-arm64/geos-3.13.1-hc9a1286_0.conda#3528352bdf54e8b11eca0eb97daf7d55
https://conda.anaconda.org/conda-forge/osx-arm64/hdf4-4.2.15-h2ee6834_7.conda#ff5d749fd711dc7759e127db38005924
https://conda.anaconda.org/conda-forge/osx-arm64/lerc-4.0.0-hd64df32_1.conda#a74332d9b60b62905e3d30709df08bf1
https://conda.anaconda.org/conda-forge/osx-arm64/libaec-1.1.4-h51d1e36_0.conda#8ed0f86b7a5529b98ec73b43a53ce800
https://conda.anaconda.org/conda-forge/osx-arm64/libbrotlidec-1.1.0-h6caf38d_4.conda#cb7e7fe96c9eee23a464afd57648d2cd
https://conda.anaconda.org/conda-forge/osx-arm64/libbrotlienc-1.1.0-h6caf38d_4.conda#4ce5651ae5cd6eebc5899f9bfe0eac3c
https://conda.anaconda.org/conda-forge/osx-arm64/libde265-1.0.15-h2ffa867_0.conda#7c718ee6d8497702145612fa0898a12d
https://conda.anaconda.org/conda-forge/osx-arm64/libedit-3.1.20250104-pl5321hafb1f1b_0.conda#44083d2d2c2025afca315c7a172eab2b
https://conda.anaconda.org/conda-forge/osx-arm64/libgfortran5-15.1.0-hb74de2c_1.conda#4281bd1c654cb4f5cab6392b3330451f
https://conda.anaconda.org/conda-forge/osx-arm64/libintl-0.25.1-h493aca8_0.conda#5103f6a6b210a3912faf8d7db516918c
https://conda.anaconda.org/conda-forge/osx-arm64/libllvm14-14.0.6-hd1a9a77_4.conda#9f3dce5d26ea56a9000cd74c034582bd
https://conda.anaconda.org/conda-forge/osx-arm64/libpng-1.6.50-h280e0eb_1.conda#4d0f5ce02033286551a32208a5519884
https://conda.anaconda.org/conda-forge/osx-arm64/libsqlite-3.50.4-h4237e3c_0.conda#1dcb0468f5146e38fae99aef9656034b
https://conda.anaconda.org/conda-forge/osx-arm64/libvorbis-1.3.7-h81086ad_2.conda#719e7653178a09f5ca0aa05f349b41f7
https://conda.anaconda.org/conda-forge/osx-arm64/libxcb-1.17.0-hdb1d25a_0.conda#af523aae2eca6dfa1c8eec693f5b9a79
https://conda.anaconda.org/conda-forge/osx-arm64/libxml2-2.13.8-h4a9ca0c_1.conda#05774cda4a601fc21830842648b3fe04
https://conda.anaconda.org/conda-forge/osx-arm64/lz4-c-1.10.0-h286801f_1.conda#01511afc6cc1909c5303cf31be17b44f
https://conda.anaconda.org/conda-forge/osx-arm64/nspr-4.37-h31e89c2_0.conda#1add5064a24aa483d1233c560ef8ee4a
https://conda.anaconda.org/conda-forge/osx-arm64/openssl-3.5.3-h5503f6c_1.conda#4b23b1e2aa9d81b16204e1304241ccae
https://conda.anaconda.org/conda-forge/osx-arm64/pcre2-10.44-ha881caa_2.conda#1a3f7708de0b393e6665c9f7494b055e
https://conda.anaconda.org/conda-forge/osx-arm64/qhull-2020.2-h420ef59_5.conda#6483b1f59526e05d7d894e466b5b6924
https://conda.anaconda.org/conda-forge/osx-arm64/readline-8.2-h1d1bf99_2.conda#63ef3f6e6d6d5c589e64f11263dc5676
https://conda.anaconda.org/conda-forge/osx-arm64/snappy-1.2.2-hd121638_0.conda#ba9ca3813f4db8c0d85d3c84404e02ba
https://conda.anaconda.org/conda-forge/osx-arm64/svt-av1-3.1.2-h12ba402_0.conda#cb56c114b25f20bd09ef1c66a21136ff
https://conda.anaconda.org/conda-forge/osx-arm64/tk-8.6.13-h892fb3f_2.conda#7362396c170252e7b7b0c8fb37fe9c78
https://conda.anaconda.org/conda-forge/osx-arm64/uriparser-0.9.8-h00cdb27_0.conda#e8ff9e11babbc8cd77af5a4258dc2802
https://conda.anaconda.org/conda-forge/osx-arm64/x265-3.5-hbc6ce65_3.tar.bz2#b1f7f2780feffe310b068c021e8ff9b2
https://conda.anaconda.org/conda-forge/osx-arm64/xerces-c-3.2.5-h92fc2f4_2.conda#50b7325437ef0901fe25dc5c9e743b88
https://conda.anaconda.org/conda-forge/osx-arm64/zlib-1.3.1-h8359307_2.conda#e3170d898ca6cb48f1bb567afb92f775
https://conda.anaconda.org/conda-forge/osx-arm64/zstd-1.5.7-h6491c7d_2.conda#e6f69c7bcccdefa417f056fa593b40f0
https://conda.anaconda.org/conda-forge/osx-arm64/blosc-1.21.6-h7dd00d9_1.conda#925acfb50a750aa178f7a0aced77f351
https://conda.anaconda.org/conda-forge/osx-arm64/brotli-bin-1.1.0-h6caf38d_4.conda#ab57f389f304c4d2eb86d8ae46d219c3
https://conda.anaconda.org/conda-forge/osx-arm64/krb5-1.21.3-h237132a_0.conda#c6dc8a0fdec13a0565936655c33069a1
https://conda.anaconda.org/conda-forge/osx-arm64/libarchive-3.7.7-h3c2f2b0_4.conda#4b12c69a3c3ca02ceac535ae6168f3af
https://conda.anaconda.org/conda-forge/osx-arm64/libavif16-1.3.0-hb06b76e_2.conda#ab7aaf5c139849228894d3ac72ec8f77
https://conda.anaconda.org/conda-forge/osx-arm64/libfreetype6-2.14.1-h6da58f4_0.conda#6d4ede03e2a8e20eb51f7f681d2a2550
https://conda.anaconda.org/conda-forge/osx-arm64/libgfortran-15.1.0-hfdf1602_1.conda#c98207b6e2b1a309abab696d229f163e
https://conda.anaconda.org/conda-forge/osx-arm64/libglib-2.84.0-hdff4504_0.conda#86bdf23c648be3498294c4ab861e7090
https://conda.anaconda.org/conda-forge/osx-arm64/libintl-devel-0.25.1-h493aca8_0.conda#5f9888e1cdbbbef52c8cf8b567393535
https://conda.anaconda.org/conda-forge/osx-arm64/libkml-1.3.0-he250239_1021.conda#891bb2a18eaef684f37bd4fb942cd8b2
https://conda.anaconda.org/conda-forge/osx-arm64/libllvm17-17.0.6-hc4b4ae8_3.conda#2a75227e917a3ec0a064155f1ed11b06
https://conda.anaconda.org/conda-forge/osx-arm64/libllvm21-21.1.0-h846d351_0.conda#a8ec02cc70f4c56b5daaa5be62943065
https://conda.anaconda.org/conda-forge/osx-arm64/libnghttp2-1.67.0-hc438710_0.conda#a4b4dd73c67df470d091312ab87bf6ae
https://conda.anaconda.org/conda-forge/osx-arm64/librttopo-1.1.0-h26cc057_18.conda#d324443cad810cf90608d8b2330fcc59
https://conda.anaconda.org/conda-forge/osx-arm64/libssh2-1.11.1-h1590b86_0.conda#b68e8f66b94b44aaa8de4583d3d4cc40
https://conda.anaconda.org/conda-forge/osx-arm64/libtiff-4.7.0-h551f018_4.conda#717e02c4cca2a760438384d48b7cd1b9
https://conda.anaconda.org/conda-forge/osx-arm64/libxslt-1.1.43-h429d6fd_0.conda#f25eb0a9e2c2ecfd33a4b97bb1a84fb6
https://conda.anaconda.org/conda-forge/osx-arm64/libzip-1.11.2-h1336266_0.conda#7177414f275db66735a17d316b0a81d6
https://conda.anaconda.org/conda-forge/osx-arm64/minizip-4.0.10-hff1a8ea_0.conda#93def148863d840e500490d6d78722f9
https://conda.anaconda.org/conda-forge/osx-arm64/mysql-common-9.0.1-hd7719f6_6.conda#d345895d6dcdfad42f267fe647d066a9
https://conda.anaconda.org/conda-forge/osx-arm64/nss-3.116-h1c710a3_0.conda#6f06ef781063508f4861446f24f38487
https://conda.anaconda.org/conda-forge/osx-arm64/python-3.9.23-h7139b31_0_cpython.conda#6e3ac2810142219bd3dbf68ccf3d68cc
https://conda.anaconda.org/conda-forge/osx-arm64/sqlite-3.50.4-hb5dd463_0.conda#1da3d5a9ab6f1dbc8fd5b57fd65e0d3d
https://conda.anaconda.org/conda-forge/noarch/astropy-iers-data-0.2025.8.18.0.40.14-pyhd8ed1ab_0.conda#659b9c68034e4600de4fdd3d7af411c4
https://conda.anaconda.org/conda-forge/osx-arm64/brotli-1.1.0-h6caf38d_4.conda#ce8659623cea44cc812bc0bfae4041c5
https://conda.anaconda.org/conda-forge/noarch/certifi-2025.8.3-pyhd8ed1ab_0.conda#11f59985f49df4620890f3e746ed7102
https://conda.anaconda.org/conda-forge/noarch/cycler-0.12.1-pyhd8ed1ab_1.conda#44600c4667a319d67dbe0681fc0bc833
https://conda.anaconda.org/conda-forge/osx-arm64/cyrus-sasl-2.1.28-ha1cbb27_0.conda#2867ea6551e97e53a81787fd967162b1
https://conda.anaconda.org/conda-forge/osx-arm64/freexl-2.0.0-h3ab3353_2.conda#dd655a29b40fe0d1bf95c64cf3cb348d
https://conda.anaconda.org/conda-forge/osx-arm64/glib-tools-2.84.0-h1dc7a0c_0.conda#a4374a5bc561b673045db55e090cb6cb
https://conda.anaconda.org/conda-forge/osx-arm64/kiwisolver-1.4.7-py39h157d57c_0.conda#6eceef984bf5995ff335d03d0529a436
https://conda.anaconda.org/conda-forge/osx-arm64/lcms2-2.17-h7eeda09_0.conda#92a61fd30b19ebd5c1621a5bfe6d8b5f
https://conda.anaconda.org/conda-forge/osx-arm64/libclang-cpp17-17.0.6-default_hf90f093_8.conda#72b4d7dc789ea3fe3ee49e3ca7c5d971
https://conda.anaconda.org/conda-forge/osx-arm64/libclang13-21.1.0-default_h6e8f826_1.conda#a29a6b4c1a926fbb64813ecab5450483
https://conda.anaconda.org/conda-forge/osx-arm64/libcurl-8.14.1-h73640d1_0.conda#1af57c823803941dfc97305248a56d57
https://conda.anaconda.org/conda-forge/osx-arm64/libfreetype-2.14.1-hce30654_0.conda#f35fb38e89e2776994131fbf961fa44b
https://conda.anaconda.org/conda-forge/osx-arm64/libheif-1.19.7-gpl_h79e6334_100.conda#4f5369442ff2de5983831d321f584eb4
https://conda.anaconda.org/conda-forge/osx-arm64/libopenblas-0.3.30-openmp_h60d53f8_2.conda#d004259fd8d3d2798b16299d6ad6c9e9
https://conda.anaconda.org/conda-forge/osx-arm64/llvmlite-0.43.0-py39h05480be_1.conda#b499b598109c131ec006a4fd8ba61f44
https://conda.anaconda.org/conda-forge/noarch/more-itertools-10.7.0-pyhd8ed1ab_0.conda#7c65a443d58beb0518c35b26c70e201d
https://conda.anaconda.org/conda-forge/noarch/munkres-1.1.4-pyhd8ed1ab_1.conda#37293a85a0f4f77bbd9cf7aaefc62609
https://conda.anaconda.org/conda-forge/osx-arm64/mysql-libs-9.0.1-ha8be5b7_6.conda#684d684e9c184b2c4dda21eefe9d8694
https://conda.anaconda.org/conda-forge/osx-arm64/openjpeg-2.5.3-h889cd5d_1.conda#ab581998c77c512d455a13befcddaac3
https://conda.anaconda.org/conda-forge/noarch/packaging-25.0-pyh29332c3_1.conda#58335b26c38bf4a20f399384c33cbcf9
https://conda.anaconda.org/conda-forge/noarch/pvl-1.3.2-pyhd8ed1ab_1.conda#a53eea7d2bb1e307038c86c69e3a3bc9
https://conda.anaconda.org/conda-forge/noarch/pyparsing-3.2.3-pyhe01879c_2.conda#aa0028616c0750c773698fdc254b2b8d
https://conda.anaconda.org/conda-forge/noarch/python-tzdata-2025.2-pyhd8ed1ab_0.conda#88476ae6ebd24f39261e0854ac244f33
https://conda.anaconda.org/conda-forge/noarch/pytz-2025.2-pyhd8ed1ab_0.conda#bc8e3267d44011051f2eb14d22fb0960
https://conda.anaconda.org/conda-forge/osx-arm64/pyyaml-6.0.2-py39hefdd603_2.conda#8f6d7313abdc77ac6ae1d4a00f22b2ab
https://conda.anaconda.org/conda-forge/noarch/setuptools-75.8.0-pyhff2d567_0.conda#8f28e299c11afdd79e0ec1e279dcdc52
https://conda.anaconda.org/conda-forge/noarch/six-1.17.0-pyhe01879c_1.conda#3339e3b65d58accf4ca4fb8748ab16b3
https://conda.anaconda.org/conda-forge/noarch/toolz-1.0.0-pyhd8ed1ab_1.conda#40d0ed782a8aaa16ef248e68c06c168d
https://conda.anaconda.org/conda-forge/osx-arm64/tornado-6.5.2-py39he7485ab_0.conda#93e24ef51669687aac3a8f54f3724076
https://conda.anaconda.org/conda-forge/noarch/typing_extensions-4.14.1-pyhe01879c_0.conda#e523f4f1e980ed7a4240d7e27e9ec81f
https://conda.anaconda.org/conda-forge/osx-arm64/unicodedata2-16.0.0-py39hf3bc14e_0.conda#041979b8346f5c523dfbcda344d726f6
https://conda.anaconda.org/conda-forge/noarch/wheel-0.45.1-pyhd8ed1ab_1.conda#75cb7132eb58d97896e173ef12ac9986
https://conda.anaconda.org/conda-forge/noarch/zipp-3.23.0-pyhd8ed1ab_0.conda#df5e78d904988eb55042c0c97446079f
https://conda.anaconda.org/conda-forge/osx-arm64/cfitsio-4.5.0-hc017baa_0.conda#e622ea9fa5fdd6962f9873c1aea00203
https://conda.anaconda.org/conda-forge/osx-arm64/cytoolz-1.0.1-py39hf3bc14e_0.conda#a0aca492e86e48a5f9199b20fefb850a
https://conda.anaconda.org/conda-forge/osx-arm64/fonttools-4.59.1-py39hb270ea8_0.conda#bbce51ac6645a084a4bb4228b27832bc
https://conda.anaconda.org/conda-forge/osx-arm64/freetype-2.14.1-hce30654_0.conda#1ec9a1ee7a2c9339774ad9bb6fe6caec
https://conda.anaconda.org/conda-forge/osx-arm64/glib-2.84.0-heee381b_0.conda#aedb9c80556b735e16d3a634f303fc13
https://conda.anaconda.org/conda-forge/osx-arm64/hdf5-1.14.3-nompi_ha698983_109.conda#be8bf1f5aabe7b5486ccfe5a3cc8bbfe
https://conda.anaconda.org/conda-forge/noarch/importlib-metadata-8.7.0-pyhe01879c_1.conda#63ccfdc3a3ce25b027b8767eb722fca8
https://conda.anaconda.org/conda-forge/noarch/importlib_resources-6.5.2-pyhd8ed1ab_0.conda#c85c76dc67d75619a92f51dfbce06992
https://conda.anaconda.org/conda-forge/osx-arm64/libblas-3.9.0-36_h51639a9_openblas.conda#3bf1e49358861ce86825eaa47c092f29
https://conda.anaconda.org/conda-forge/osx-arm64/openblas-0.3.30-openmp_hea878ba_2.conda#887921bfe17c7d2402b09c6133def179
https://conda.anaconda.org/conda-forge/osx-arm64/openldap-2.6.10-hbe55e7a_0.conda#6fd5d73c63b5d37d9196efb4f044af76
https://conda.anaconda.org/conda-forge/osx-arm64/pillow-11.3.0-py39hfea3036_0.conda#01c0fba8d135065c5d42ec17feb702b8
https://conda.anaconda.org/conda-forge/noarch/pip-25.2-pyh8b19718_0.conda#dfce4b2af4bfe90cdcaf56ca0b28ddf5
https://conda.anaconda.org/conda-forge/osx-arm64/proj-9.5.1-h1318a7e_0.conda#5eb42e77ae79b46fabcb0f6f6d130763
https://conda.anaconda.org/conda-forge/noarch/python-dateutil-2.9.0.post0-pyhe01879c_2.conda#5b8d21249ff20967101ffa321cab24e8
https://conda.anaconda.org/conda-forge/noarch/typing-extensions-4.14.1-h4440ef1_0.conda#75be1a943e0a7f99fcf118309092c635
https://conda.anaconda.org/conda-forge/noarch/dustgoggles-0.7.6-pyhd8ed1ab_0.conda#146601011d7d64c8a309a298b714713a
https://conda.anaconda.org/conda-forge/osx-arm64/geotiff-1.7.4-hbef4fa4_0.conda#c01fde51346f834d3f80affab45f0740
https://conda.anaconda.org/conda-forge/osx-arm64/gstreamer-1.24.11-hfe24232_0.conda#75376f1f20ba28dfa1f737e5bb19cbad
https://conda.anaconda.org/conda-forge/noarch/importlib-resources-6.5.2-pyhd8ed1ab_0.conda#e376ea42e9ae40f3278b0f79c9bf9826
https://conda.anaconda.org/conda-forge/osx-arm64/libcblas-3.9.0-36_hb0561ab_openblas.conda#46aefc2fcef5f1f128d0549cb0fad584
https://conda.anaconda.org/conda-forge/osx-arm64/liblapack-3.9.0-36_hd9741b5_openblas.conda#e0b918b8232902da02c2c5b4eb81f4d5
https://conda.anaconda.org/conda-forge/osx-arm64/libnetcdf-4.9.2-nompi_h610d594_116.conda#edff7b961600d73f88953eadd659fa40
https://conda.anaconda.org/conda-forge/osx-arm64/libpq-17.6-h31f7a3a_2.conda#c806e150d983a476b177069a0fa1d386
https://conda.anaconda.org/conda-forge/osx-arm64/libspatialite-5.1.0-haf574c3_13.conda#e8cfdbe6d8741e930ce58036429cc351
https://conda.anaconda.org/conda-forge/osx-arm64/multidict-6.6.3-py39hafbbd28_0.conda#8af39bd507ba200b4b0b2037aa0c4f33
https://conda.anaconda.org/conda-forge/osx-arm64/pyproj-3.6.1-py39hc1aa914_10.conda#8ecae409b0c1b7d21a7ce1b94b11db40
https://conda.anaconda.org/conda-forge/osx-arm64/gst-plugins-base-1.24.11-h3c5c1d0_0.conda#b3b603ab8143ee78e2b327397e91c928
https://conda.anaconda.org/conda-forge/osx-arm64/libgdal-core-3.10.2-h0528216_1.conda#5de4e82f1c2e70a3498c408a6789b337
https://conda.anaconda.org/conda-forge/osx-arm64/liblapacke-3.9.0-36_h1b118fd_openblas.conda#95117031f261348753e498b6e265b6d8
https://conda.anaconda.org/conda-forge/osx-arm64/numpy-1.23.5-py39hefdcf20_0.conda#81ebd7127e2c433bcbf98c1e45c7a583
https://conda.anaconda.org/conda-forge/osx-arm64/blas-devel-3.9.0-36_h11c0a38_openblas.conda#43487b907397215e3eab5dbd09e5c37b
https://conda.anaconda.org/conda-forge/osx-arm64/cftime-1.6.4-py39h914ef23_1.conda#c7beb2937f5552cc6a9f6ade5bfa27e9
https://conda.anaconda.org/conda-forge/osx-arm64/contourpy-1.3.0-py39h85b62ae_2.conda#78be56565acee571fc0f1343afde6306
https://conda.anaconda.org/conda-forge/osx-arm64/fast-histogram-0.14-py39h914ef23_3.conda#e2d25536a8eb41ffda3bd5855df30640
https://conda.anaconda.org/conda-forge/osx-arm64/gdal-3.10.2-py39hd0a36ac_5.conda#5c129d3cd374bd94963dec815b8ecc82
https://conda.anaconda.org/conda-forge/osx-arm64/libgdal-fits-3.10.2-hae9ebd6_1.conda#e5cc4f14446407bca79d53fa17b5c22c
https://conda.anaconda.org/conda-forge/osx-arm64/libgdal-hdf4-3.10.2-hd589a83_1.conda#5d77fd0258f997da9e04e792927fa658
https://conda.anaconda.org/conda-forge/osx-arm64/libgdal-hdf5-3.10.2-h8e86020_1.conda#5d45cceaf4a3e80fff7def6f0d9c9c5d
https://conda.anaconda.org/conda-forge/osx-arm64/libgdal-jp2openjpeg-3.10.2-h5de94d9_1.conda#bfd7f352ce692fc35b8af1817dd9705c
https://conda.anaconda.org/conda-forge/osx-arm64/numba-0.60.0-py39h2d4ef1e_0.conda#00339ffcb75f590eb956077c77cc95d9
https://conda.anaconda.org/conda-forge/osx-arm64/pandas-2.3.1-py39h6aaa60c_0.conda#d7ae76f5c73f0f02eebce58fac19478e
https://conda.anaconda.org/conda-forge/osx-arm64/pyerfa-2.0.1.5-py310hbb12772_2.conda#51a8f8137ff9e55513e5e722c86fb9f8
https://conda.anaconda.org/conda-forge/osx-arm64/qt-main-5.15.15-h67564f6_3.conda#6caf8c7b2f1a3aa5188d1625c1635f96
https://conda.anaconda.org/conda-forge/noarch/rms-vax-1.0.5-pyhd8ed1ab_1.conda#a415aad3ad900d4b82c1e3f96472d986
https://conda.anaconda.org/conda-forge/osx-arm64/scipy-1.13.1-py39h3d5391c_0.conda#29a07d75356ca619b3cfc8304a9ce6e5
https://conda.anaconda.org/conda-forge/osx-arm64/astropy-6.0.1-py39h373d45f_0.conda#57b09c6f3434192f0f55b31b0dd32f85
https://conda.anaconda.org/conda-forge/osx-arm64/blas-2.136-openblas.conda#db0533c25d1c089eb9e4391f1876c575
https://conda.anaconda.org/conda-forge/osx-arm64/libgdal-netcdf-3.10.2-h3ef4abb_1.conda#9ff7d3e37d7431ae7f2e1d982ce2f2e3
https://conda.anaconda.org/conda-forge/osx-arm64/matplotlib-base-3.9.1-py39h1398496_2.conda#b8132b9e39d574dd1c20863b28eeba81
https://conda.anaconda.org/conda-forge/osx-arm64/netcdf4-1.7.2-nompi_py39h110e1d7_101.conda#c4693b5fb6823b69826dc4fba0111864
https://conda.anaconda.org/conda-forge/osx-arm64/pyside2-5.15.15-py39heabe5ed_0.conda#7e41f6bd7f1d1d5f180aadea4c37a7b9
https://conda.anaconda.org/conda-forge/osx-arm64/matplotlib-3.9.1-py39hdf13c20_2.conda#a7feb40c98dfc2cde847f6da706ec2ed
https://conda.anaconda.org/conda-forge/noarch/mpl-scatter-density-0.8-pyhd8ed1ab_1.conda#15f7a27f590c079a0aed4a8f1cee0dac
https://conda.anaconda.org/conda-forge/noarch/pdr-1.4.0-pyhd8ed1ab_0.conda#5dd8d66b4d63954fd4db2f35152d7aa9
# pip altgraph @ https://files.pythonhosted.org/packages/4d/3f/3bc3f1d83f6e4a7fcb834d3720544ca597590425be5ba9db032b2bf322a2/altgraph-0.17.4-py2.py3-none-any.whl#sha256=642743b4750de17e655e6711601b077bc6598dbfa3ba5fa2b2a35ce12b508dff
# pip lark @ https://files.pythonhosted.org/packages/2d/00/d90b10b962b4277f5e64a78b6609968859ff86889f5b898c1a778c06ec00/lark-1.2.2-py3-none-any.whl#sha256=c2276486b02f0f1b90be155f2c8ba4a8e194d42775786db622faccd652d8e80c
# pip psutil @ https://files.pythonhosted.org/packages/04/8b/30f930733afe425e3cbfc0e1468a30a18942350c1a8816acfade80c005c4/psutil-7.0.0-cp36-abi3-macosx_11_0_arm64.whl#sha256=39db632f6bb862eeccf56660871433e111b6ea58f2caea825571951d4b6aa3da
# pip webob @ https://files.pythonhosted.org/packages/50/bd/c336448be43d40be28e71f2e0f3caf7ccb28e2755c58f4c02c065bfe3e8e/WebOb-1.8.9-py2.py3-none-any.whl#sha256=45e34c58ed0c7e2ecd238ffd34432487ff13d9ad459ddfd77895e67abba7c1f9
# pip bugsnag @ https://files.pythonhosted.org/packages/59/72/ba7771ae6495a25c158e733ad3854b4ab77e3e2e445cff24c3cdf87669e8/bugsnag-4.7.1-py3-none-any.whl#sha256=4537ff3c200890d26e28079e31729c041a9ffe84a803860ea8adefe535aac7df
# pip macholib @ https://files.pythonhosted.org/packages/d1/5d/c059c180c84f7962db0aeae7c3b9303ed1d73d76f2bfbc32bc231c8be314/macholib-1.16.3-py2.py3-none-any.whl#sha256=0e315d7583d38b8c77e815b1ecbdbf504a8258d8b3e17b61165c6feb60d18f2c
# pip opencv-python @ https://files.pythonhosted.org/packages/88/e6/5c13983446f1221f53d2d626d1c007b0d6c74658004d60b6002afb7c006e/opencv_python-4.5.3.56-cp39-cp39-macosx_11_0_arm64.whl#sha256=54c64e86a087841869901fd34462bb6bec01cd4652800fdf5d92fe7b0596c82f
# pip pyinstaller-hooks-contrib @ https://files.pythonhosted.org/packages/48/34/1d973d0dae849683e53fbcda84443ce016f315e6f4dc7605ede4f56a28c3/pyinstaller_hooks_contrib-2025.8-py3-none-any.whl#sha256=8d0b8cfa0cb689a619294ae200497374234bd4e3994b3ace2a4442274c899064
# pip pyinstaller @ https://files.pythonhosted.org/packages/7b/0a/c42ce6e5d3de287f2e9432a074fb209f1fb72a86a72f3903849fdb5e4829/pyinstaller-6.16.0-py3-none-macosx_10_13_universal2.whl#sha256=7fd1c785219a87ca747c21fa92f561b0d2926a7edc06d0a0fe37f3736e00bd7a
