# Generated by conda-lock.
# platform: osx-64
# input_hash: ebb1055e5da96f8430af83be0bc3f751f077de9ac7b62d5414dffeab4f297e9e
@EXPLICIT
https://conda.anaconda.org/conda-forge/osx-64/dav1d-1.2.1-h0dc2134_0.conda#9d88733c715300a39f8ca2e936b7808d
https://conda.anaconda.org/conda-forge/osx-64/giflib-5.2.2-h10d778d_0.conda#03e8c9b4d3da5f3d6eabdd020c2d63ac
https://conda.anaconda.org/conda-forge/osx-64/libev-4.33-h10d778d_2.conda#899db79329439820b7e8f8de41bca902
https://conda.anaconda.org/conda-forge/noarch/python_abi-3.9-8_cp39.conda#c2f0c4bf417925c27b62ab50264baa98
https://conda.anaconda.org/conda-forge/noarch/tzdata-2025b-h78e105d_0.conda#4222072737ccff51314b5ece9c7d6f5a
https://conda.anaconda.org/conda-forge/osx-64/bzip2-1.0.8-h500dc9f_8.conda#97c4b3bd8a90722104798175a1bdddbf
https://conda.anaconda.org/conda-forge/osx-64/c-ares-1.34.5-hf13058a_0.conda#eafe5d9f1a8c514afe41e6e833f66dfd
https://conda.anaconda.org/conda-forge/noarch/ca-certificates-2025.8.3-hbd8a1cb_0.conda#74784ee3d225fc3dca89edb635b4e5cc
https://conda.anaconda.org/conda-forge/osx-64/icu-75.1-h120a0e1_0.conda#d68d48a3060eb5abdc1cdc8e2a3a5966
https://conda.anaconda.org/conda-forge/osx-64/json-c-0.18-hc62ec3d_0.conda#2c5a3c42de607dda0cfa0edd541fd279
https://conda.anaconda.org/conda-forge/osx-64/libbrotlicommon-1.1.0-h1c43f85_4.conda#b8e1ee78815e0ba7835de4183304f96b
https://conda.anaconda.org/conda-forge/osx-64/libcxx-21.1.2-h3d58e20_0.conda#34cd9d03a8f27081a556cb397a19f6cd
https://conda.anaconda.org/conda-forge/osx-64/libdeflate-1.23-hcc1b750_0.conda#5d3507f22dda24f7d9a79325ad313e44
https://conda.anaconda.org/conda-forge/osx-64/libexpat-2.7.1-h21dd04a_0.conda#9fdeae0b7edda62e989557d645769515
https://conda.anaconda.org/conda-forge/osx-64/libffi-3.4.6-h281671d_1.conda#4ca9ea59839a9ca8df84170fab4ceb41
https://conda.anaconda.org/conda-forge/osx-64/libiconv-1.18-h57a12c2_2.conda#210a85a1119f97ea7887188d176db135
https://conda.anaconda.org/conda-forge/osx-64/libjpeg-turbo-3.1.0-h6e16a3a_0.conda#87537967e6de2f885a9fcebd42b7cb10
https://conda.anaconda.org/conda-forge/osx-64/liblzma-5.8.1-hd471939_2.conda#8468beea04b9065b9807fc8b9cdc5894
https://conda.anaconda.org/conda-forge/osx-64/libntlm-1.8-h6e16a3a_0.conda#23d706dbe90b54059ad86ff826677f39
https://conda.anaconda.org/conda-forge/osx-64/libogg-1.3.5-he3325bb_1.conda#d0f30c7fe90d08e9bd9c13cd60be6400
https://conda.anaconda.org/conda-forge/osx-64/libopus-1.5.2-he3325bb_0.conda#dd0f9f16dfae1d1518312110051586f6
https://conda.anaconda.org/conda-forge/osx-64/libwebp-base-1.6.0-hb807250_0.conda#7bb6608cf1f83578587297a158a6630b
https://conda.anaconda.org/conda-forge/osx-64/libzlib-1.3.1-hd23fc13_2.conda#003a54a4e32b02f7355b50a837e699da
https://conda.anaconda.org/conda-forge/osx-64/llvm-openmp-21.1.0-hf4e0ed4_0.conda#5acc6c266fd33166fa3b33e48665ae0d
https://conda.anaconda.org/conda-forge/osx-64/lzo-2.10-h4132b18_1002.conda#5a047b9aa4be1dcdb62bd561d9eb6ceb
https://conda.anaconda.org/conda-forge/osx-64/ncurses-6.5-h0622a9a_3.conda#ced34dd9929f491ca6dab6a2927aff25
https://conda.anaconda.org/conda-forge/osx-64/pthread-stubs-0.4-h00291cd_1002.conda#8bcf980d2c6b17094961198284b8e862
https://conda.anaconda.org/conda-forge/osx-64/rav1e-0.7.1-h371c88c_3.conda#30e2344bbe29f60bb535ec0bfff31008
https://conda.anaconda.org/conda-forge/osx-64/xorg-libxau-1.0.12-h6e16a3a_0.conda#4cf40e60b444d56512a64f39d12c20bd
https://conda.anaconda.org/conda-forge/osx-64/xorg-libxdmcp-1.1.5-h00291cd_0.conda#9f438e1b6f4e73fd9e6d78bfe7c36743
https://conda.anaconda.org/conda-forge/osx-64/yaml-0.2.5-h4132b18_3.conda#a645bb90997d3fc2aea0adf6517059bd
https://conda.anaconda.org/conda-forge/osx-64/aom-3.9.1-hf036a51_0.conda#3f17bc32cb7fcb2b4bf3d8d37f656eb8
https://conda.anaconda.org/conda-forge/osx-64/geos-3.13.1-h502464c_0.conda#480d6bc3033367f3d7b412cc5a9e0819
https://conda.anaconda.org/conda-forge/osx-64/hdf4-4.2.15-h8138101_7.conda#7ce543bf38dbfae0de9af112ee178af2
https://conda.anaconda.org/conda-forge/osx-64/lerc-4.0.0-hcca01a6_1.conda#21f765ced1a0ef4070df53cb425e1967
https://conda.anaconda.org/conda-forge/osx-64/libaec-1.1.4-ha6bc127_0.conda#1a768b826dfc68e07786788d98babfc3
https://conda.anaconda.org/conda-forge/osx-64/libbrotlidec-1.1.0-h1c43f85_4.conda#9cc4be0cc163d793d5d4bcc405c81bf3
https://conda.anaconda.org/conda-forge/osx-64/libbrotlienc-1.1.0-h1c43f85_4.conda#f2c000dc0185561b15de7f969f435e61
https://conda.anaconda.org/conda-forge/osx-64/libde265-1.0.15-h7728843_0.conda#a270b0e1a2a3326cc21eee82c42efffc
https://conda.anaconda.org/conda-forge/osx-64/libedit-3.1.20250104-pl5321ha958ccf_0.conda#1f4ed31220402fcddc083b4bff406868
https://conda.anaconda.org/conda-forge/osx-64/libgfortran5-15.1.0-hfa3c126_1.conda#696e408f36a5a25afdb23e862053ca82
https://conda.anaconda.org/conda-forge/osx-64/libintl-0.25.1-h3184127_1.conda#a8e54eefc65645193c46e8b180f62d22
https://conda.anaconda.org/conda-forge/osx-64/libllvm14-14.0.6-hc8e404f_4.conda#ed06753e2ba7c66ed0ca7f19578fcb68
https://conda.anaconda.org/conda-forge/osx-64/libpng-1.6.50-h84aeda2_1.conda#1fe32bb16991a24e112051cc0de89847
https://conda.anaconda.org/conda-forge/osx-64/libsqlite-3.50.4-h39a8b3b_0.conda#156bfb239b6a67ab4a01110e6718cbc4
https://conda.anaconda.org/conda-forge/osx-64/libvorbis-1.3.7-ha059160_2.conda#8eadf13aee55e59089edaf2acaaaf4f7
https://conda.anaconda.org/conda-forge/osx-64/libxcb-1.17.0-hf1f96e2_0.conda#bbeca862892e2898bdb45792a61c4afc
https://conda.anaconda.org/conda-forge/osx-64/libxml2-2.13.8-he1bc88e_1.conda#1d31029d8d2685d56a812dec48083483
https://conda.anaconda.org/conda-forge/osx-64/lz4-c-1.10.0-h240833e_1.conda#d6b9bd7e356abd7e3a633d59b753495a
https://conda.anaconda.org/conda-forge/osx-64/nspr-4.37-hbd2c7f0_0.conda#116be2e3c8a35da3a8ee4ebb14fdd74e
https://conda.anaconda.org/conda-forge/osx-64/openssl-3.5.3-h230baf5_1.conda#f601470d724024fec8dbb98a2dd5b39c
https://conda.anaconda.org/conda-forge/osx-64/pcre2-10.44-hf733adb_2.conda#c6873588a8175130eb931e91e80416c2
https://conda.anaconda.org/conda-forge/osx-64/qhull-2020.2-h3c5361c_5.conda#dd1ea9ff27c93db7c01a7b7656bd4ad4
https://conda.anaconda.org/conda-forge/osx-64/readline-8.2-h7cca4af_2.conda#342570f8e02f2f022147a7f841475784
https://conda.anaconda.org/conda-forge/osx-64/snappy-1.2.2-h25c286d_0.conda#e6544ab8824f58ca155a5b8225f0c780
https://conda.anaconda.org/conda-forge/osx-64/svt-av1-3.1.2-h21dd04a_0.conda#c11ebe332911d9642f0678da49bedf44
https://conda.anaconda.org/conda-forge/osx-64/tk-8.6.13-hf689a15_2.conda#9864891a6946c2fe037c02fca7392ab4
https://conda.anaconda.org/conda-forge/osx-64/uriparser-0.9.8-h6aefe2f_0.conda#649890a63cc818b24fbbf0572db221a5
https://conda.anaconda.org/conda-forge/osx-64/x265-3.5-hbb4e6a2_3.tar.bz2#a3bf3e95b7795871a6734a784400fcea
https://conda.anaconda.org/conda-forge/osx-64/xerces-c-3.2.5-h197e74d_2.conda#559e2c3fb2fe4bfc985e8486bad8ecaa
https://conda.anaconda.org/conda-forge/osx-64/zlib-1.3.1-hd23fc13_2.conda#c989e0295dcbdc08106fe5d9e935f0b9
https://conda.anaconda.org/conda-forge/osx-64/zstd-1.5.7-h8210216_2.conda#cd60a4a5a8d6a476b30d8aa4bb49251a
https://conda.anaconda.org/conda-forge/osx-64/blosc-1.21.6-hd145fbb_1.conda#717852102c68a082992ce13a53403f9d
https://conda.anaconda.org/conda-forge/osx-64/brotli-bin-1.1.0-h1c43f85_4.conda#718fb8aa4c8cb953982416db9a82b349
https://conda.anaconda.org/conda-forge/osx-64/krb5-1.21.3-h37d8d59_0.conda#d4765c524b1d91567886bde656fb514b
https://conda.anaconda.org/conda-forge/osx-64/libarchive-3.7.7-h2c98640_4.conda#90b169a22e86d4b7d7b4e2e75b53a3bd
https://conda.anaconda.org/conda-forge/osx-64/libavif16-1.3.0-h1c10324_2.conda#7a3989f64b2781aaf6f5ca26b88afbba
https://conda.anaconda.org/conda-forge/osx-64/libfreetype6-2.14.1-h6912278_0.conda#dfbdc8fd781dc3111541e4234c19fdbd
https://conda.anaconda.org/conda-forge/osx-64/libgfortran-15.1.0-h5f6db21_1.conda#07cfad6b37da6e79349c6e3a0316a83b
https://conda.anaconda.org/conda-forge/osx-64/libglib-2.84.0-h5c976ab_0.conda#9d9e772b8e01ce350ddff9b277503514
https://conda.anaconda.org/conda-forge/osx-64/libintl-devel-0.25.1-h3184127_1.conda#4e34fefaebdaca2108645fe5c787cc5a
https://conda.anaconda.org/conda-forge/osx-64/libkml-1.3.0-h9ee1731_1021.conda#b098eeacf7e78f09c8771f5088b97bbb
https://conda.anaconda.org/conda-forge/osx-64/libllvm17-17.0.6-hbedff68_1.conda#fcd38f0553a99fa279fb66a5bfc2fb28
https://conda.anaconda.org/conda-forge/osx-64/libllvm21-21.1.0-h9b4ebcc_0.conda#49233c30d20fbe080285fd286e9267fb
https://conda.anaconda.org/conda-forge/osx-64/libnghttp2-1.67.0-h3338091_0.conda#e7630cef881b1174d40f3e69a883e55f
https://conda.anaconda.org/conda-forge/osx-64/librttopo-1.1.0-hd2ea1e3_18.conda#425adac1dfc1169beb97753b5167fc5f
https://conda.anaconda.org/conda-forge/osx-64/libssh2-1.11.1-hed3591d_0.conda#a6cb15db1c2dc4d3a5f6cf3772e09e81
https://conda.anaconda.org/conda-forge/osx-64/libtiff-4.7.0-hb77a491_4.conda#b36d793dd65b28e3aeaa3a77abe71678
https://conda.anaconda.org/conda-forge/osx-64/libxslt-1.1.43-h59ddae0_0.conda#8e76996e563b8f4de1df67da0580fd95
https://conda.anaconda.org/conda-forge/osx-64/libzip-1.11.2-h31df5bb_0.conda#3cf12c97a18312c9243a895580bf5be6
https://conda.anaconda.org/conda-forge/osx-64/minizip-4.0.10-hfb7a1ec_0.conda#412fd08e5bf0e03fdce24dea0560fa26
https://conda.anaconda.org/conda-forge/osx-64/mysql-common-9.0.1-hd00b0ec_6.conda#51afb7902586599e714ae38909057d05
https://conda.anaconda.org/conda-forge/osx-64/nss-3.116-h2b2a826_0.conda#a2941962269ae05a4bde54d7fd450a5d
https://conda.anaconda.org/conda-forge/osx-64/python-3.9.23-h8a7f3fd_0_cpython.conda#77a728b43b3d213da1566da0bd7b85e6
https://conda.anaconda.org/conda-forge/osx-64/sqlite-3.50.4-h64b5abc_0.conda#86f1188b2d041e950810593c2df753ec
https://conda.anaconda.org/conda-forge/noarch/astropy-iers-data-0.2025.8.18.0.40.14-pyhd8ed1ab_0.conda#659b9c68034e4600de4fdd3d7af411c4
https://conda.anaconda.org/conda-forge/osx-64/brotli-1.1.0-h1c43f85_4.conda#1a0a37da4466d45c00fc818bb6b446b3
https://conda.anaconda.org/conda-forge/noarch/certifi-2025.8.3-pyhd8ed1ab_0.conda#11f59985f49df4620890f3e746ed7102
https://conda.anaconda.org/conda-forge/noarch/cycler-0.12.1-pyhd8ed1ab_1.conda#44600c4667a319d67dbe0681fc0bc833
https://conda.anaconda.org/conda-forge/osx-64/cyrus-sasl-2.1.28-h610c526_0.conda#314cd5e4aefc50fec5ffd80621cfb4f8
https://conda.anaconda.org/conda-forge/osx-64/freexl-2.0.0-h3183152_2.conda#5cb34c1d2ed89fd36f4e3759c966daf0
https://conda.anaconda.org/conda-forge/osx-64/glib-tools-2.84.0-hf8faeaf_0.conda#03d506bd28830a841105d3015744612e
https://conda.anaconda.org/conda-forge/osx-64/kiwisolver-1.4.7-py39h0d8d0ca_0.conda#b7a88917676e918e17feaba71cfddbab
https://conda.anaconda.org/conda-forge/osx-64/lcms2-2.17-h72f5680_0.conda#bf210d0c63f2afb9e414a858b79f0eaa
https://conda.anaconda.org/conda-forge/osx-64/libclang-cpp17-17.0.6-default_h3571c67_8.conda#448cfb783b49dd497c41c75e570e220c
https://conda.anaconda.org/conda-forge/osx-64/libclang13-21.1.0-default_h7f9524c_1.conda#8c5c6f63bb40997ae614b23a770b0369
https://conda.anaconda.org/conda-forge/osx-64/libcurl-8.14.1-h5dec5d8_0.conda#8738cd19972c3599400404882ddfbc24
https://conda.anaconda.org/conda-forge/osx-64/libfreetype-2.14.1-h694c41f_0.conda#e0e2edaf5e0c71b843e25a7ecc451cc9
https://conda.anaconda.org/conda-forge/osx-64/libheif-1.19.7-gpl_h95ec88c_100.conda#ef792f6776afc553fb383e00c5046760
https://conda.anaconda.org/conda-forge/osx-64/libopenblas-0.3.30-openmp_h83c2472_2.conda#89edf77977f520c4245567460d065821
https://conda.anaconda.org/conda-forge/osx-64/llvmlite-0.43.0-py39h164c851_1.conda#b0cc60ba7d6f34fff20b1115c35732f6
https://conda.anaconda.org/conda-forge/noarch/more-itertools-10.7.0-pyhd8ed1ab_0.conda#7c65a443d58beb0518c35b26c70e201d
https://conda.anaconda.org/conda-forge/noarch/munkres-1.1.4-pyhd8ed1ab_1.conda#37293a85a0f4f77bbd9cf7aaefc62609
https://conda.anaconda.org/conda-forge/osx-64/mysql-libs-9.0.1-h062309a_6.conda#d3dfd184067909e2e59a1b1f62d5e99e
https://conda.anaconda.org/conda-forge/osx-64/openjpeg-2.5.3-h036ada5_1.conda#38f264b121a043cf379980c959fb2d75
https://conda.anaconda.org/conda-forge/noarch/packaging-25.0-pyh29332c3_1.conda#58335b26c38bf4a20f399384c33cbcf9
https://conda.anaconda.org/conda-forge/noarch/pvl-1.3.2-pyhd8ed1ab_1.conda#a53eea7d2bb1e307038c86c69e3a3bc9
https://conda.anaconda.org/conda-forge/noarch/pyparsing-3.2.3-pyhe01879c_2.conda#aa0028616c0750c773698fdc254b2b8d
https://conda.anaconda.org/conda-forge/noarch/python-tzdata-2025.2-pyhd8ed1ab_0.conda#88476ae6ebd24f39261e0854ac244f33
https://conda.anaconda.org/conda-forge/noarch/pytz-2025.2-pyhd8ed1ab_0.conda#bc8e3267d44011051f2eb14d22fb0960
https://conda.anaconda.org/conda-forge/osx-64/pyyaml-6.0.2-py39hd18e689_2.conda#035e7890d971c0c2a683593376a546f0
https://conda.anaconda.org/conda-forge/noarch/setuptools-75.8.0-pyhff2d567_0.conda#8f28e299c11afdd79e0ec1e279dcdc52
https://conda.anaconda.org/conda-forge/noarch/six-1.17.0-pyhe01879c_1.conda#3339e3b65d58accf4ca4fb8748ab16b3
https://conda.anaconda.org/conda-forge/noarch/toolz-1.0.0-pyhd8ed1ab_1.conda#40d0ed782a8aaa16ef248e68c06c168d
https://conda.anaconda.org/conda-forge/osx-64/tornado-6.5.2-py39hb1cfd32_0.conda#b0afd506101d67e104e9f7afaa28a6d2
https://conda.anaconda.org/conda-forge/noarch/typing_extensions-4.14.1-pyhe01879c_0.conda#e523f4f1e980ed7a4240d7e27e9ec81f
https://conda.anaconda.org/conda-forge/osx-64/unicodedata2-16.0.0-py39h80efdc8_0.conda#a7d02d693d6e81b9c3e767963bffc3ef
https://conda.anaconda.org/conda-forge/noarch/wheel-0.45.1-pyhd8ed1ab_1.conda#75cb7132eb58d97896e173ef12ac9986
https://conda.anaconda.org/conda-forge/noarch/zipp-3.23.0-pyhd8ed1ab_0.conda#df5e78d904988eb55042c0c97446079f
https://conda.anaconda.org/conda-forge/osx-64/cfitsio-4.5.0-h8c0165a_0.conda#8eb800eaf448fdecfb003d982780e426
https://conda.anaconda.org/conda-forge/osx-64/cytoolz-1.0.1-py39h80efdc8_0.conda#7d4dcb90ff91ea02aac77277c0f5483c
https://conda.anaconda.org/conda-forge/osx-64/fonttools-4.59.1-py39h2753485_0.conda#aec514cab6a6a12273a32e861dd25762
https://conda.anaconda.org/conda-forge/osx-64/freetype-2.14.1-h694c41f_0.conda#ca641fdf8b7803f4b7212b6d66375930
https://conda.anaconda.org/conda-forge/osx-64/glib-2.84.0-h915cd9b_0.conda#46b546692aaeeb5502bdf8f73afa5e2c
https://conda.anaconda.org/conda-forge/osx-64/hdf5-1.14.3-nompi_h1607680_109.conda#aa2b87330df24a89585b9d3e4d70c4d4
https://conda.anaconda.org/conda-forge/noarch/importlib-metadata-8.7.0-pyhe01879c_1.conda#63ccfdc3a3ce25b027b8767eb722fca8
https://conda.anaconda.org/conda-forge/noarch/importlib_resources-6.5.2-pyhd8ed1ab_0.conda#c85c76dc67d75619a92f51dfbce06992
https://conda.anaconda.org/conda-forge/osx-64/libblas-3.9.0-36_he492b99_openblas.conda#81067fbe6234231aa66b35de4c5230f5
https://conda.anaconda.org/conda-forge/osx-64/openblas-0.3.30-openmp_h30af337_2.conda#696ca369e5c1a3e45214dd6af8347355
https://conda.anaconda.org/conda-forge/osx-64/openldap-2.6.10-hd8a590d_0.conda#60bd9b6c1e5208ff2f4a39ab3eabdee8
https://conda.anaconda.org/conda-forge/osx-64/pillow-11.3.0-py39h1fda9f2_0.conda#769fb164e751073c02c4759c30e3cb12
https://conda.anaconda.org/conda-forge/noarch/pip-25.2-pyh8b19718_0.conda#dfce4b2af4bfe90cdcaf56ca0b28ddf5
https://conda.anaconda.org/conda-forge/osx-64/proj-9.5.1-h5273da6_0.conda#523c87f13b2f99a96295993ede863b87
https://conda.anaconda.org/conda-forge/noarch/python-dateutil-2.9.0.post0-pyhe01879c_2.conda#5b8d21249ff20967101ffa321cab24e8
https://conda.anaconda.org/conda-forge/noarch/typing-extensions-4.14.1-h4440ef1_0.conda#75be1a943e0a7f99fcf118309092c635
https://conda.anaconda.org/conda-forge/noarch/dustgoggles-0.7.6-pyhd8ed1ab_0.conda#146601011d7d64c8a309a298b714713a
https://conda.anaconda.org/conda-forge/osx-64/geotiff-1.7.4-h0978cfe_0.conda#cf49cf3d1c8c7c0151f3b8af5be490a4
https://conda.anaconda.org/conda-forge/osx-64/gstreamer-1.24.11-h7d1b200_0.conda#c56d2d3e5e315d0348dabfe4f3c2115e
https://conda.anaconda.org/conda-forge/noarch/importlib-resources-6.5.2-pyhd8ed1ab_0.conda#e376ea42e9ae40f3278b0f79c9bf9826
https://conda.anaconda.org/conda-forge/osx-64/libcblas-3.9.0-36_h9b27e0a_openblas.conda#b85f4bbdbc15902078cab28615e872d2
https://conda.anaconda.org/conda-forge/osx-64/liblapack-3.9.0-36_h859234e_openblas.conda#5614cabd1b003b5287183b3e0f149c7e
https://conda.anaconda.org/conda-forge/osx-64/libnetcdf-4.9.2-nompi_hf3c7182_116.conda#f26fc0c5404ecaa3f1644692b9c433ed
https://conda.anaconda.org/conda-forge/osx-64/libpq-17.6-h5a4e477_2.conda#335ad2846a626e094a2ecb3d227d3ae2
https://conda.anaconda.org/conda-forge/osx-64/libspatialite-5.1.0-ha73c641_13.conda#eca5dc58e7226e2e48072cac4a5c7d0f
https://conda.anaconda.org/conda-forge/osx-64/multidict-6.6.3-py39h781ac47_0.conda#87fc5b8c2d0a96ec5f9431bd0d5237e9
https://conda.anaconda.org/conda-forge/osx-64/pyproj-3.6.1-py39h0ef79ac_10.conda#b79213c1be935c69d6c0920165294492
https://conda.anaconda.org/conda-forge/osx-64/gst-plugins-base-1.24.11-h09840cc_0.conda#a37d73eb7abbfc6a22a54549b3ddc1ea
https://conda.anaconda.org/conda-forge/osx-64/libgdal-core-3.10.2-h7c8127d_1.conda#38a269a10ddbfefacc164814d7385bca
https://conda.anaconda.org/conda-forge/osx-64/liblapacke-3.9.0-36_h94b3770_openblas.conda#8d3530ce77fa100795c5494eca8ff620
https://conda.anaconda.org/conda-forge/osx-64/numpy-1.23.5-py39hdfa1d0c_0.conda#162e42439dbb526b1acb08f35546eaa4
https://conda.anaconda.org/conda-forge/osx-64/blas-devel-3.9.0-36_hbf4f893_openblas.conda#4fbeec1c8de02acebb660081377c49b0
https://conda.anaconda.org/conda-forge/osx-64/cftime-1.6.4-py39hff9a475_1.conda#547551749e31c23078096508f225386b
https://conda.anaconda.org/conda-forge/osx-64/contourpy-1.3.0-py39h0d3c867_2.conda#f31ddc6c146667d9595bf98c4a8125c3
https://conda.anaconda.org/conda-forge/osx-64/fast-histogram-0.14-py39hff9a475_3.conda#09e2082c67fe1728a0b2cc56b6e8490e
https://conda.anaconda.org/conda-forge/osx-64/gdal-3.10.2-py39h7f68afe_5.conda#8d438b813291a61aa856259ca07126d4
https://conda.anaconda.org/conda-forge/osx-64/libgdal-fits-3.10.2-h3b84b68_1.conda#186b6d8ada7b31781ad331a1f8321935
https://conda.anaconda.org/conda-forge/osx-64/libgdal-hdf4-3.10.2-hf89130c_1.conda#80e9745c7cb43bd488b01d7bbc845093
https://conda.anaconda.org/conda-forge/osx-64/libgdal-hdf5-3.10.2-h953d8a0_1.conda#6f902830212eef64b9f2088c34b8f0e3
https://conda.anaconda.org/conda-forge/osx-64/libgdal-jp2openjpeg-3.10.2-h6c63325_1.conda#83cbe521e452159850c02cebaef31ae3
https://conda.anaconda.org/conda-forge/osx-64/numba-0.60.0-py39h90d9702_0.conda#5e46f7997efbda18894c42ed063bc068
https://conda.anaconda.org/conda-forge/osx-64/pandas-2.3.1-py39hb4b21fd_0.conda#cbeaaca398e204a6b891fcac655c9831
https://conda.anaconda.org/conda-forge/osx-64/pyerfa-2.0.1.5-py310hcbffc5d_2.conda#cd854c208de8cd3e2a6a878500021633
https://conda.anaconda.org/conda-forge/osx-64/qt-main-5.15.15-h30a8c49_3.conda#7244a7752fdacce705e6f192803d6e8f
https://conda.anaconda.org/conda-forge/noarch/rms-vax-1.0.5-pyhd8ed1ab_1.conda#a415aad3ad900d4b82c1e3f96472d986
https://conda.anaconda.org/conda-forge/osx-64/scipy-1.13.1-py39h038d4f4_0.conda#97931299de8eea2fc8b66e2b49447eda
https://conda.anaconda.org/conda-forge/osx-64/astropy-6.0.1-py39h5b4affa_0.conda#f883a58c4337d0a6f0996a533aae15f0
https://conda.anaconda.org/conda-forge/osx-64/blas-2.136-openblas.conda#7570397359cf51f74fa46b84eb792269
https://conda.anaconda.org/conda-forge/osx-64/libgdal-netcdf-3.10.2-hb143bf5_1.conda#eea2447530bb9ac25e6caa38de715a5d
https://conda.anaconda.org/conda-forge/osx-64/matplotlib-base-3.9.1-py39hb2d44f9_2.conda#aaa0367f028dafb708a06dbc18c9bf77
https://conda.anaconda.org/conda-forge/osx-64/netcdf4-1.7.2-nompi_py39hab893fb_101.conda#14d92259f9fbd064806d6b0246b09a9b
https://conda.anaconda.org/conda-forge/osx-64/pyside2-5.15.15-py39hacdb517_0.conda#d533be64601ccb1f810f1a339eaf752c
https://conda.anaconda.org/conda-forge/osx-64/matplotlib-3.9.1-py39h6e9494a_2.conda#50ccf247601a2322b3b14d281c288028
https://conda.anaconda.org/conda-forge/noarch/mpl-scatter-density-0.8-pyhd8ed1ab_1.conda#15f7a27f590c079a0aed4a8f1cee0dac
https://conda.anaconda.org/conda-forge/noarch/pdr-1.4.0-pyhd8ed1ab_0.conda#5dd8d66b4d63954fd4db2f35152d7aa9
# pip altgraph @ https://files.pythonhosted.org/packages/4d/3f/3bc3f1d83f6e4a7fcb834d3720544ca597590425be5ba9db032b2bf322a2/altgraph-0.17.4-py2.py3-none-any.whl#sha256=642743b4750de17e655e6711601b077bc6598dbfa3ba5fa2b2a35ce12b508dff
# pip lark @ https://files.pythonhosted.org/packages/2d/00/d90b10b962b4277f5e64a78b6609968859ff86889f5b898c1a778c06ec00/lark-1.2.2-py3-none-any.whl#sha256=c2276486b02f0f1b90be155f2c8ba4a8e194d42775786db622faccd652d8e80c
# pip psutil @ https://files.pythonhosted.org/packages/ed/e6/2d26234410f8b8abdbf891c9da62bee396583f713fb9f3325a4760875d22/psutil-7.0.0-cp36-abi3-macosx_10_9_x86_64.whl#sha256=101d71dc322e3cffd7cea0650b09b3d08b8e7c4109dd6809fe452dfd00e58b25
# pip webob @ https://files.pythonhosted.org/packages/50/bd/c336448be43d40be28e71f2e0f3caf7ccb28e2755c58f4c02c065bfe3e8e/WebOb-1.8.9-py2.py3-none-any.whl#sha256=45e34c58ed0c7e2ecd238ffd34432487ff13d9ad459ddfd77895e67abba7c1f9
# pip bugsnag @ https://files.pythonhosted.org/packages/59/72/ba7771ae6495a25c158e733ad3854b4ab77e3e2e445cff24c3cdf87669e8/bugsnag-4.7.1-py3-none-any.whl#sha256=4537ff3c200890d26e28079e31729c041a9ffe84a803860ea8adefe535aac7df
# pip macholib @ https://files.pythonhosted.org/packages/d1/5d/c059c180c84f7962db0aeae7c3b9303ed1d73d76f2bfbc32bc231c8be314/macholib-1.16.3-py2.py3-none-any.whl#sha256=0e315d7583d38b8c77e815b1ecbdbf504a8258d8b3e17b61165c6feb60d18f2c
# pip opencv-python @ https://files.pythonhosted.org/packages/17/2a/573cd811e2d38cb2956c55f4dbbd37c55c2aa911606467f302315ffb0aa5/opencv_python-4.5.3.56-cp39-cp39-macosx_10_15_x86_64.whl#sha256=5366fcd6eae4243add3c8c92142045850f1db8e464bcf0b75313e1596b2e3671
# pip pyinstaller-hooks-contrib @ https://files.pythonhosted.org/packages/48/34/1d973d0dae849683e53fbcda84443ce016f315e6f4dc7605ede4f56a28c3/pyinstaller_hooks_contrib-2025.8-py3-none-any.whl#sha256=8d0b8cfa0cb689a619294ae200497374234bd4e3994b3ace2a4442274c899064
# pip pyinstaller @ https://files.pythonhosted.org/packages/7b/0a/c42ce6e5d3de287f2e9432a074fb209f1fb72a86a72f3903849fdb5e4829/pyinstaller-6.16.0-py3-none-macosx_10_13_universal2.whl#sha256=7fd1c785219a87ca747c21fa92f561b0d2926a7edc06d0a0fe37f3736e00bd7a
